
Microsoft Visual Studio Solution File, Format Version 12.00
# Visual Studio 15
Project("{FAE04EC0-301F-11D3-BF4B-00C04F79EFBC}") = "Assembly-CSharp", "Assembly-CSharp.csproj", "{A27B0870-692B-5BA0-8D15-5AFDCA269F36}"
EndProject
Project("{FAE04EC0-301F-11D3-BF4B-00C04F79EFBC}") = "Assembly-CSharp-Editor", "Assembly-CSharp-Editor.csproj", "{B52C956D-7F4F-FD76-EB1F-EA131E0BB4E4}"
EndProject
Global
	GlobalSection(SolutionConfigurationPlatforms) = preSolution
		Debug|Any CPU = Debug|Any CPU
		Release|Any CPU = Release|Any CPU
	EndGlobalSection
	GlobalSection(ProjectConfigurationPlatforms) = postSolution
		{A27B0870-692B-5BA0-8D15-5AFDCA269F36}.Debug|Any CPU.ActiveCfg = Debug|Any CPU
		{A27B0870-692B-5BA0-8D15-5AFDCA269F36}.Debug|Any CPU.Build.0 = Debug|Any CPU
		{A27B0870-692B-5BA0-8D15-5AFDCA269F36}.Release|Any CPU.ActiveCfg = Release|Any CPU
		{A27B0870-692B-5BA0-8D15-5AFDCA269F36}.Release|Any CPU.Build.0 = Release|Any CPU
		{B52C956D-7F4F-FD76-EB1F-EA131E0BB4E4}.Debug|Any CPU.ActiveCfg = Debug|Any CPU
		{B52C956D-7F4F-FD76-EB1F-EA131E0BB4E4}.Debug|Any CPU.Build.0 = Debug|Any CPU
		{B52C956D-7F4F-FD76-EB1F-EA131E0BB4E4}.Release|Any CPU.ActiveCfg = Release|Any CPU
		{B52C956D-7F4F-FD76-EB1F-EA131E0BB4E4}.Release|Any CPU.Build.0 = Release|Any CPU
	EndGlobalSection
	GlobalSection(SolutionProperties) = preSolution
		HideSolutionNode = FALSE
	EndGlobalSection
EndGlobal
